
Microsoft Visual Studio Solution File, Format Version 12.00
# Visual Studio Version 17
VisualStudioVersion = 17.5.33516.290
MinimumVisualStudioVersion = 10.0.40219.1
Project("{8BC9CEB8-8B4A-11D0-8D11-00A0C91BC942}") = "HomeWork3.1", "HomeWork3.1\HomeWork3.1.vcxproj", "{3B3FCDCB-A3A1-4734-8BAA-2CCE3F3981F6}"
EndProject
Global
	GlobalSection(SolutionConfigurationPlatforms) = preSolution
		Debug|x64 = Debug|x64
		Debug|x86 = Debug|x86
		Release|x64 = Release|x64
		Release|x86 = Release|x86
	EndGlobalSection
	GlobalSection(ProjectConfigurationPlatforms) = postSolution
		{3B3FCDCB-A3A1-4734-8BAA-2CCE3F3981F6}.Debug|x64.ActiveCfg = Debug|x64
		{3B3FCDCB-A3A1-4734-8BAA-2CCE3F3981F6}.Debug|x64.Build.0 = Debug|x64
		{3B3FCDCB-A3A1-4734-8BAA-2CCE3F3981F6}.Debug|x86.ActiveCfg = Debug|Win32
		{3B3FCDCB-A3A1-4734-8BAA-2CCE3F3981F6}.Debug|x86.Build.0 = Debug|Win32
		{3B3FCDCB-A3A1-4734-8BAA-2CCE3F3981F6}.Release|x64.ActiveCfg = Release|x64
		{3B3FCDCB-A3A1-4734-8BAA-2CCE3F3981F6}.Release|x64.Build.0 = Release|x64
		{3B3FCDCB-A3A1-4734-8BAA-2CCE3F3981F6}.Release|x86.ActiveCfg = Release|Win32
		{3B3FCDCB-A3A1-4734-8BAA-2CCE3F3981F6}.Release|x86.Build.0 = Release|Win32
	EndGlobalSection
	GlobalSection(SolutionProperties) = preSolution
		HideSolutionNode = FALSE
	EndGlobalSection
	GlobalSection(ExtensibilityGlobals) = postSolution
		SolutionGuid = {4294EF6F-9B55-4070-A395-B0562B1603B7}
	EndGlobalSection
EndGlobal
